
Microsoft Visual Studio Solution File, Format Version 12.00
# Visual Studio Version 16
VisualStudioVersion = 16.0.30413.136
MinimumVisualStudioVersion = 10.0.40219.1
Project("{FAE04EC0-301F-11D3-BF4B-00C04F79EFBC}") = "ExercicioInterface", "ExercicioInterface\ExercicioInterface.csproj", "{D87697BA-9925-4B94-9076-B634E1E756DC}"
EndProject
Global
	GlobalSection(SolutionConfigurationPlatforms) = preSolution
		Debug|Any CPU = Debug|Any CPU
		Release|Any CPU = Release|Any CPU
	EndGlobalSection
	GlobalSection(ProjectConfigurationPlatforms) = postSolution
		{D87697BA-9925-4B94-9076-B634E1E756DC}.Debug|Any CPU.ActiveCfg = Debug|Any CPU
		{D87697BA-9925-4B94-9076-B634E1E756DC}.Debug|Any CPU.Build.0 = Debug|Any CPU
		{D87697BA-9925-4B94-9076-B634E1E756DC}.Release|Any CPU.ActiveCfg = Release|Any CPU
		{D87697BA-9925-4B94-9076-B634E1E756DC}.Release|Any CPU.Build.0 = Release|Any CPU
	EndGlobalSection
	GlobalSection(SolutionProperties) = preSolution
		HideSolutionNode = FALSE
	EndGlobalSection
	GlobalSection(ExtensibilityGlobals) = postSolution
		SolutionGuid = {31668559-4B9E-4C9A-9BA4-408F7ADE1CDF}
	EndGlobalSection
EndGlobal
